<?xml version="1.0" encoding="utf-8"?>
<Project ToolsVersion="4.0" xmlns="http://schemas.microsoft.com/developer/msbuild/2003">
  <ItemGroup>
    <ImageContentTask Include="Assets\sprite\title.png">
      <Filter>Assets\sprite</Filter>
    </ImageContentTask>
    <ImageContentTask Include="Assets\sprite\mizugassen.jpg">
      <Filter>Assets\sprite</Filter>
    </ImageContentTask>
    <ImageContentTask Include="Assets\sprite\dummy.png">
      <Filter>Assets\sprite</Filter>
    </ImageContentTask>
    <ImageContentTask Include="Assets\sprite\reslut.jpg" />
  </ItemGroup>
  <ItemGroup>
    <ClCompile Include="BackGround.cpp" />
    <ClCompile Include="Enemy.cpp" />
    <ClCompile Include="Game.cpp" />
    <ClCompile Include="GameCamera.cpp" />
    <ClCompile Include="Gun.cpp" />
    <ClCompile Include="main.cpp" />
    <ClCompile Include="Player.cpp" />
    <ClCompile Include="stdafx.cpp" />
    <ClCompile Include="Title.cpp" />
    <ClCompile Include="Bullet.cpp" />
    <ClCompile Include="Result.cpp" />
    <ClCompile Include="EnemyGun.cpp" />
    <ClCompile Include="EnemyBullet.cpp" />
  </ItemGroup>
  <ItemGroup>
    <MeshContentTask Include="Assets\modelData\r.FBX">
      <Filter>Assets\moedlData</Filter>
    </MeshContentTask>
    <MeshContentTask Include="Assets\modelData\r2.FBX">
      <Filter>Assets\moedlData</Filter>
    </MeshContentTask>
    <MeshContentTask Include="Assets\modelData\raiful.fbx">
      <Filter>Assets\moedlData</Filter>
    </MeshContentTask>
    <MeshContentTask Include="Assets\modelData\unityChan.fbx">
      <Filter>Assets\moedlData</Filter>
    </MeshContentTask>
    <MeshContentTask Include="Assets\modelData\background.fbx">
      <Filter>Assets\moedlData</Filter>
    </MeshContentTask>
    <MeshContentTask Include="Assets\modelData\tama.fbx">
      <Filter>Assets\moedlData</Filter>
    </MeshContentTask>
  </ItemGroup>
  <ItemGroup>
    <ClInclude Include="BackGround.h" />
    <ClInclude Include="Enemy.h" />
    <ClInclude Include="Game.h" />
    <ClInclude Include="GameCamera.h" />
    <ClInclude Include="Gun.h" />
    <ClInclude Include="Player.h" />
    <CLInclude Include="resource.h" />
    <ClInclude Include="stdafx.h" />
    <ClInclude Include="Title.h" />
    <ClInclude Include="Bullet.h" />
    <ClInclude Include="Result.h" />
    <ClInclude Include="EnemyGun.h" />
    <ClInclude Include="EnemyBullet.h" />
  </ItemGroup>
  <ItemGroup>
    <ResourceCompile Include="Game.rc" />
  </ItemGroup>
  <ItemGroup>
    <Filter Include="Assets">
      <UniqueIdentifier>{a4ff7713-54f2-48c4-905e-026d1a5ce554}</UniqueIdentifier>
    </Filter>
    <Filter Include="Assets\moedlData">
      <UniqueIdentifier>{d3513f94-446a-4526-91a5-a91e05ec36b9}</UniqueIdentifier>
    </Filter>
    <Filter Include="Assets\sprite">
      <UniqueIdentifier>{746e8257-6c61-4230-9c83-9c2653bd026e}</UniqueIdentifier>
    </Filter>
  </ItemGroup>
</Project>